
Microsoft Visual Studio Solution File, Format Version 12.00
# Visual Studio Version 17
VisualStudioVersion = 17.0.31903.59
MinimumVisualStudioVersion = 10.0.40219.1
Project("{2150E333-8FDC-42A3-9474-1A3956D46DE8}") = "src", "src", "{827E0CD3-B72D-47B6-A68D-7590B98EB39B}"
EndProject
Project("{FAE04EC0-301F-11D3-BF4B-00C04F79EFBC}") = "Spacetime.Plotting", "src\Spacetime.Plotting\Spacetime.Plotting.csproj", "{CA05E8F5-7EC6-4D58-A3DA-5B044330E6A6}"
EndProject
Project("{FAE04EC0-301F-11D3-BF4B-00C04F79EFBC}") = "Spacetime.Common", "src\Spacetime.Common\Spacetime.Common.csproj", "{D8F3A7B1-2C4E-4F9A-8E6D-1B2C3D4E5F6A}"
EndProject
Project("{2150E333-8FDC-42A3-9474-1A3956D46DE8}") = "tests", "tests", "{0AB3BF05-4346-4AA6-1389-037BE0695223}"
EndProject
Project("{FAE04EC0-301F-11D3-BF4B-00C04F79EFBC}") = "Spacetime.Plotting.Tests", "tests\Spacetime.Plotting.Tests\Spacetime.Plotting.Tests.csproj", "{F960E47A-36F6-4851-B719-90D2EBB9FD19}"
EndProject
Project("{FAE04EC0-301F-11D3-BF4B-00C04F79EFBC}") = "Spacetime.Common.Tests", "tests\Spacetime.Common.Tests\Spacetime.Common.Tests.csproj", "{E8A2B4C6-3D5F-4A1B-9E7D-2C3D4E5F6A7B}"
EndProject
Project("{2150E333-8FDC-42A3-9474-1A3956D46DE8}") = "benchmarks", "benchmarks", "{66320409-64EC-F7C5-3DEF-65E7510DAAD1}"
EndProject
Project("{FAE04EC0-301F-11D3-BF4B-00C04F79EFBC}") = "Spacetime.Plotting.Benchmarks", "benchmarks\Spacetime.Plotting.Benchmarks\Spacetime.Plotting.Benchmarks.csproj", "{A8A52727-C985-424A-8E4D-BE355076DA78}"
EndProject
Project("{FAE04EC0-301F-11D3-BF4B-00C04F79EFBC}") = "Spacetime.Core", "src\Spacetime.Core\Spacetime.Core.csproj", "{098E0BB7-76B9-4E41-965E-217DB5C64356}"
EndProject
Project("{FAE04EC0-301F-11D3-BF4B-00C04F79EFBC}") = "Spacetime.Core.Tests", "tests\Spacetime.Core.Tests\Spacetime.Core.Tests.csproj", "{BD1BCFB3-B20A-45D5-B4E6-D6867F224DC6}"
EndProject
Global
	GlobalSection(SolutionConfigurationPlatforms) = preSolution
		Debug|Any CPU = Debug|Any CPU
		Debug|x64 = Debug|x64
		Debug|x86 = Debug|x86
		Release|Any CPU = Release|Any CPU
		Release|x64 = Release|x64
		Release|x86 = Release|x86
	EndGlobalSection
	GlobalSection(ProjectConfigurationPlatforms) = postSolution
		{CA05E8F5-7EC6-4D58-A3DA-5B044330E6A6}.Debug|Any CPU.ActiveCfg = Debug|Any CPU
		{CA05E8F5-7EC6-4D58-A3DA-5B044330E6A6}.Debug|Any CPU.Build.0 = Debug|Any CPU
		{CA05E8F5-7EC6-4D58-A3DA-5B044330E6A6}.Debug|x64.ActiveCfg = Debug|Any CPU
		{CA05E8F5-7EC6-4D58-A3DA-5B044330E6A6}.Debug|x64.Build.0 = Debug|Any CPU
		{CA05E8F5-7EC6-4D58-A3DA-5B044330E6A6}.Debug|x86.ActiveCfg = Debug|Any CPU
		{CA05E8F5-7EC6-4D58-A3DA-5B044330E6A6}.Debug|x86.Build.0 = Debug|Any CPU
		{CA05E8F5-7EC6-4D58-A3DA-5B044330E6A6}.Release|Any CPU.ActiveCfg = Release|Any CPU
		{CA05E8F5-7EC6-4D58-A3DA-5B044330E6A6}.Release|Any CPU.Build.0 = Release|Any CPU
		{CA05E8F5-7EC6-4D58-A3DA-5B044330E6A6}.Release|x64.ActiveCfg = Release|Any CPU
		{CA05E8F5-7EC6-4D58-A3DA-5B044330E6A6}.Release|x64.Build.0 = Release|Any CPU
		{CA05E8F5-7EC6-4D58-A3DA-5B044330E6A6}.Release|x86.ActiveCfg = Release|Any CPU
		{CA05E8F5-7EC6-4D58-A3DA-5B044330E6A6}.Release|x86.Build.0 = Release|Any CPU
		{D8F3A7B1-2C4E-4F9A-8E6D-1B2C3D4E5F6A}.Debug|Any CPU.ActiveCfg = Debug|Any CPU
		{D8F3A7B1-2C4E-4F9A-8E6D-1B2C3D4E5F6A}.Debug|Any CPU.Build.0 = Debug|Any CPU
		{D8F3A7B1-2C4E-4F9A-8E6D-1B2C3D4E5F6A}.Debug|x64.ActiveCfg = Debug|Any CPU
		{D8F3A7B1-2C4E-4F9A-8E6D-1B2C3D4E5F6A}.Debug|x64.Build.0 = Debug|Any CPU
		{D8F3A7B1-2C4E-4F9A-8E6D-1B2C3D4E5F6A}.Debug|x86.ActiveCfg = Debug|Any CPU
		{D8F3A7B1-2C4E-4F9A-8E6D-1B2C3D4E5F6A}.Debug|x86.Build.0 = Debug|Any CPU
		{D8F3A7B1-2C4E-4F9A-8E6D-1B2C3D4E5F6A}.Release|Any CPU.ActiveCfg = Release|Any CPU
		{D8F3A7B1-2C4E-4F9A-8E6D-1B2C3D4E5F6A}.Release|Any CPU.Build.0 = Release|Any CPU
		{D8F3A7B1-2C4E-4F9A-8E6D-1B2C3D4E5F6A}.Release|x64.ActiveCfg = Release|Any CPU
		{D8F3A7B1-2C4E-4F9A-8E6D-1B2C3D4E5F6A}.Release|x64.Build.0 = Release|Any CPU
		{D8F3A7B1-2C4E-4F9A-8E6D-1B2C3D4E5F6A}.Release|x86.ActiveCfg = Release|Any CPU
		{D8F3A7B1-2C4E-4F9A-8E6D-1B2C3D4E5F6A}.Release|x86.Build.0 = Release|Any CPU
		{F960E47A-36F6-4851-B719-90D2EBB9FD19}.Debug|Any CPU.ActiveCfg = Debug|Any CPU
		{F960E47A-36F6-4851-B719-90D2EBB9FD19}.Debug|Any CPU.Build.0 = Debug|Any CPU
		{F960E47A-36F6-4851-B719-90D2EBB9FD19}.Debug|x64.ActiveCfg = Debug|Any CPU
		{F960E47A-36F6-4851-B719-90D2EBB9FD19}.Debug|x64.Build.0 = Debug|Any CPU
		{F960E47A-36F6-4851-B719-90D2EBB9FD19}.Debug|x86.ActiveCfg = Debug|Any CPU
		{F960E47A-36F6-4851-B719-90D2EBB9FD19}.Debug|x86.Build.0 = Debug|Any CPU
		{F960E47A-36F6-4851-B719-90D2EBB9FD19}.Release|Any CPU.ActiveCfg = Release|Any CPU
		{F960E47A-36F6-4851-B719-90D2EBB9FD19}.Release|Any CPU.Build.0 = Release|Any CPU
		{F960E47A-36F6-4851-B719-90D2EBB9FD19}.Release|x64.ActiveCfg = Release|Any CPU
		{F960E47A-36F6-4851-B719-90D2EBB9FD19}.Release|x64.Build.0 = Release|Any CPU
		{F960E47A-36F6-4851-B719-90D2EBB9FD19}.Release|x86.ActiveCfg = Release|Any CPU
		{F960E47A-36F6-4851-B719-90D2EBB9FD19}.Release|x86.Build.0 = Release|Any CPU
		{E8A2B4C6-3D5F-4A1B-9E7D-2C3D4E5F6A7B}.Debug|Any CPU.ActiveCfg = Debug|Any CPU
		{E8A2B4C6-3D5F-4A1B-9E7D-2C3D4E5F6A7B}.Debug|Any CPU.Build.0 = Debug|Any CPU
		{E8A2B4C6-3D5F-4A1B-9E7D-2C3D4E5F6A7B}.Debug|x64.ActiveCfg = Debug|Any CPU
		{E8A2B4C6-3D5F-4A1B-9E7D-2C3D4E5F6A7B}.Debug|x64.Build.0 = Debug|Any CPU
		{E8A2B4C6-3D5F-4A1B-9E7D-2C3D4E5F6A7B}.Debug|x86.ActiveCfg = Debug|Any CPU
		{E8A2B4C6-3D5F-4A1B-9E7D-2C3D4E5F6A7B}.Debug|x86.Build.0 = Debug|Any CPU
		{E8A2B4C6-3D5F-4A1B-9E7D-2C3D4E5F6A7B}.Release|Any CPU.ActiveCfg = Release|Any CPU
		{E8A2B4C6-3D5F-4A1B-9E7D-2C3D4E5F6A7B}.Release|Any CPU.Build.0 = Release|Any CPU
		{E8A2B4C6-3D5F-4A1B-9E7D-2C3D4E5F6A7B}.Release|x64.ActiveCfg = Release|Any CPU
		{E8A2B4C6-3D5F-4A1B-9E7D-2C3D4E5F6A7B}.Release|x64.Build.0 = Release|Any CPU
		{E8A2B4C6-3D5F-4A1B-9E7D-2C3D4E5F6A7B}.Release|x86.ActiveCfg = Release|Any CPU
		{E8A2B4C6-3D5F-4A1B-9E7D-2C3D4E5F6A7B}.Release|x86.Build.0 = Release|Any CPU
		{A8A52727-C985-424A-8E4D-BE355076DA78}.Debug|Any CPU.ActiveCfg = Debug|Any CPU
		{A8A52727-C985-424A-8E4D-BE355076DA78}.Debug|Any CPU.Build.0 = Debug|Any CPU
		{A8A52727-C985-424A-8E4D-BE355076DA78}.Debug|x64.ActiveCfg = Debug|Any CPU
		{A8A52727-C985-424A-8E4D-BE355076DA78}.Debug|x64.Build.0 = Debug|Any CPU
		{A8A52727-C985-424A-8E4D-BE355076DA78}.Debug|x86.ActiveCfg = Debug|Any CPU
		{A8A52727-C985-424A-8E4D-BE355076DA78}.Debug|x86.Build.0 = Debug|Any CPU
		{A8A52727-C985-424A-8E4D-BE355076DA78}.Release|Any CPU.ActiveCfg = Release|Any CPU
		{A8A52727-C985-424A-8E4D-BE355076DA78}.Release|Any CPU.Build.0 = Release|Any CPU
		{A8A52727-C985-424A-8E4D-BE355076DA78}.Release|x64.ActiveCfg = Release|Any CPU
		{A8A52727-C985-424A-8E4D-BE355076DA78}.Release|x64.Build.0 = Release|Any CPU
		{A8A52727-C985-424A-8E4D-BE355076DA78}.Release|x86.ActiveCfg = Release|Any CPU
		{A8A52727-C985-424A-8E4D-BE355076DA78}.Release|x86.Build.0 = Release|Any CPU
		{098E0BB7-76B9-4E41-965E-217DB5C64356}.Debug|Any CPU.ActiveCfg = Debug|Any CPU
		{098E0BB7-76B9-4E41-965E-217DB5C64356}.Debug|Any CPU.Build.0 = Debug|Any CPU
		{098E0BB7-76B9-4E41-965E-217DB5C64356}.Debug|x64.ActiveCfg = Debug|Any CPU
		{098E0BB7-76B9-4E41-965E-217DB5C64356}.Debug|x64.Build.0 = Debug|Any CPU
		{098E0BB7-76B9-4E41-965E-217DB5C64356}.Debug|x86.ActiveCfg = Debug|Any CPU
		{098E0BB7-76B9-4E41-965E-217DB5C64356}.Debug|x86.Build.0 = Debug|Any CPU
		{098E0BB7-76B9-4E41-965E-217DB5C64356}.Release|Any CPU.ActiveCfg = Release|Any CPU
		{098E0BB7-76B9-4E41-965E-217DB5C64356}.Release|Any CPU.Build.0 = Release|Any CPU
		{098E0BB7-76B9-4E41-965E-217DB5C64356}.Release|x64.ActiveCfg = Release|Any CPU
		{098E0BB7-76B9-4E41-965E-217DB5C64356}.Release|x64.Build.0 = Release|Any CPU
		{098E0BB7-76B9-4E41-965E-217DB5C64356}.Release|x86.ActiveCfg = Release|Any CPU
		{098E0BB7-76B9-4E41-965E-217DB5C64356}.Release|x86.Build.0 = Release|Any CPU
		{BD1BCFB3-B20A-45D5-B4E6-D6867F224DC6}.Debug|Any CPU.ActiveCfg = Debug|Any CPU
		{BD1BCFB3-B20A-45D5-B4E6-D6867F224DC6}.Debug|Any CPU.Build.0 = Debug|Any CPU
		{BD1BCFB3-B20A-45D5-B4E6-D6867F224DC6}.Debug|x64.ActiveCfg = Debug|Any CPU
		{BD1BCFB3-B20A-45D5-B4E6-D6867F224DC6}.Debug|x64.Build.0 = Debug|Any CPU
		{BD1BCFB3-B20A-45D5-B4E6-D6867F224DC6}.Debug|x86.ActiveCfg = Debug|Any CPU
		{BD1BCFB3-B20A-45D5-B4E6-D6867F224DC6}.Debug|x86.Build.0 = Debug|Any CPU
		{BD1BCFB3-B20A-45D5-B4E6-D6867F224DC6}.Release|Any CPU.ActiveCfg = Release|Any CPU
		{BD1BCFB3-B20A-45D5-B4E6-D6867F224DC6}.Release|Any CPU.Build.0 = Release|Any CPU
		{BD1BCFB3-B20A-45D5-B4E6-D6867F224DC6}.Release|x64.ActiveCfg = Release|Any CPU
		{BD1BCFB3-B20A-45D5-B4E6-D6867F224DC6}.Release|x64.Build.0 = Release|Any CPU
		{BD1BCFB3-B20A-45D5-B4E6-D6867F224DC6}.Release|x86.ActiveCfg = Release|Any CPU
		{BD1BCFB3-B20A-45D5-B4E6-D6867F224DC6}.Release|x86.Build.0 = Release|Any CPU
	EndGlobalSection
	GlobalSection(SolutionProperties) = preSolution
		HideSolutionNode = FALSE
	EndGlobalSection
	GlobalSection(NestedProjects) = preSolution
		{CA05E8F5-7EC6-4D58-A3DA-5B044330E6A6} = {827E0CD3-B72D-47B6-A68D-7590B98EB39B}
		{D8F3A7B1-2C4E-4F9A-8E6D-1B2C3D4E5F6A} = {827E0CD3-B72D-47B6-A68D-7590B98EB39B}
		{F960E47A-36F6-4851-B719-90D2EBB9FD19} = {0AB3BF05-4346-4AA6-1389-037BE0695223}
		{E8A2B4C6-3D5F-4A1B-9E7D-2C3D4E5F6A7B} = {0AB3BF05-4346-4AA6-1389-037BE0695223}
		{A8A52727-C985-424A-8E4D-BE355076DA78} = {66320409-64EC-F7C5-3DEF-65E7510DAAD1}
		{098E0BB7-76B9-4E41-965E-217DB5C64356} = {827E0CD3-B72D-47B6-A68D-7590B98EB39B}
		{BD1BCFB3-B20A-45D5-B4E6-D6867F224DC6} = {0AB3BF05-4346-4AA6-1389-037BE0695223}
	EndGlobalSection
EndGlobal
