
Microsoft Visual Studio Solution File, Format Version 12.00
# Visual Studio Version 17
VisualStudioVersion = 17.0.31903.59
MinimumVisualStudioVersion = 10.0.40219.1
Project("{2150E333-8FDC-42A3-9474-1A3956D46DE8}") = "src", "src", "{827E0CD3-B72D-47B6-A68D-7590B98EB39B}"
EndProject
Project("{FAE04EC0-301F-11D3-BF4B-00C04F79EFBC}") = "Spacetime.Plotting", "src\Spacetime.Plotting\Spacetime.Plotting.csproj", "{CA05E8F5-7EC6-4D58-A3DA-5B044330E6A6}"
EndProject
Project("{FAE04EC0-301F-11D3-BF4B-00C04F79EFBC}") = "Spacetime.Common", "src\Spacetime.Common\Spacetime.Common.csproj", "{D8F3A7B1-2C4E-4F9A-8E6D-1B2C3D4E5F6A}"
EndProject
Project("{2150E333-8FDC-42A3-9474-1A3956D46DE8}") = "tests", "tests", "{0AB3BF05-4346-4AA6-1389-037BE0695223}"
EndProject
Project("{FAE04EC0-301F-11D3-BF4B-00C04F79EFBC}") = "Spacetime.Plotting.Tests", "tests\Spacetime.Plotting.Tests\Spacetime.Plotting.Tests.csproj", "{F960E47A-36F6-4851-B719-90D2EBB9FD19}"
EndProject
Project("{FAE04EC0-301F-11D3-BF4B-00C04F79EFBC}") = "Spacetime.Common.Tests", "tests\Spacetime.Common.Tests\Spacetime.Common.Tests.csproj", "{E8A2B4C6-3D5F-4A1B-9E7D-2C3D4E5F6A7B}"
EndProject
Project("{2150E333-8FDC-42A3-9474-1A3956D46DE8}") = "benchmarks", "benchmarks", "{66320409-64EC-F7C5-3DEF-65E7510DAAD1}"
EndProject
Project("{FAE04EC0-301F-11D3-BF4B-00C04F79EFBC}") = "Spacetime.Benchmarks", "benchmarks\Spacetime.Benchmarks\Spacetime.Benchmarks.csproj", "{A8A52727-C985-424A-8E4D-BE355076DA78}"
EndProject
Project("{FAE04EC0-301F-11D3-BF4B-00C04F79EFBC}") = "Spacetime.Core", "src\Spacetime.Core\Spacetime.Core.csproj", "{098E0BB7-76B9-4E41-965E-217DB5C64356}"
EndProject
Project("{FAE04EC0-301F-11D3-BF4B-00C04F79EFBC}") = "Spacetime.Core.Tests", "tests\Spacetime.Core.Tests\Spacetime.Core.Tests.csproj", "{BD1BCFB3-B20A-45D5-B4E6-D6867F224DC6}"
EndProject
Project("{FAE04EC0-301F-11D3-BF4B-00C04F79EFBC}") = "Spacetime.Plotting.IntegrationTests", "tests\Spacetime.Plotting.IntegrationTests\Spacetime.Plotting.IntegrationTests.csproj", "{DB95B46C-693E-4E1D-9C89-34AD13D51B1B}"
EndProject
Project("{FAE04EC0-301F-11D3-BF4B-00C04F79EFBC}") = "Spacetime.Core.IntegrationTests", "tests\Spacetime.Core.IntegrationTests\Spacetime.Core.IntegrationTests.csproj", "{39F49ABF-642E-47B4-A1EB-3EE39EA95912}"
EndProject
Project("{FAE04EC0-301F-11D3-BF4B-00C04F79EFBC}") = "Spacetime.Consensus", "src\Spacetime.Consensus\Spacetime.Consensus.csproj", "{498865AC-03AF-4038-A097-28C485867017}"
EndProject
Project("{FAE04EC0-301F-11D3-BF4B-00C04F79EFBC}") = "Spacetime.Consensus.Tests", "tests\Spacetime.Consensus.Tests\Spacetime.Consensus.Tests.csproj", "{9F6B1149-4FF8-475A-BB60-6294D039D7FE}"
EndProject
Project("{FAE04EC0-301F-11D3-BF4B-00C04F79EFBC}") = "Spacetime.Consensus.IntegrationTests", "tests\Spacetime.Consensus.IntegrationTests\Spacetime.Consensus.IntegrationTests.csproj", "{145608BA-F831-40C5-AD26-B0B7D31A2F8F}"
EndProject
Project("{FAE04EC0-301F-11D3-BF4B-00C04F79EFBC}") = "Spacetime.Storage", "src\Spacetime.Storage\Spacetime.Storage.csproj", "{ADD24FCA-2400-433F-9C49-6492EA8F1A26}"
EndProject
Project("{FAE04EC0-301F-11D3-BF4B-00C04F79EFBC}") = "Spacetime.Storage.Tests", "tests\Spacetime.Storage.Tests\Spacetime.Storage.Tests.csproj", "{631D6332-5ACA-42FD-8589-B81FEA3A2D8C}"
EndProject
Project("{FAE04EC0-301F-11D3-BF4B-00C04F79EFBC}") = "Spacetime.Network", "src\Spacetime.Network\Spacetime.Network.csproj", "{119BEC2B-7378-4949-AC1E-704F131928E8}"
EndProject
Project("{FAE04EC0-301F-11D3-BF4B-00C04F79EFBC}") = "Spacetime.Network.Tests", "tests\Spacetime.Network.Tests\Spacetime.Network.Tests.csproj", "{59D32AFF-F28C-47D9-BF08-E878478CD25F}"
EndProject
Project("{FAE04EC0-301F-11D3-BF4B-00C04F79EFBC}") = "Spacetime.Network.IntegrationTests", "tests\Spacetime.Network.IntegrationTests\Spacetime.Network.IntegrationTests.csproj", "{F86A4256-213A-4A03-B2E6-FAF23EEB62F9}"
EndProject
Project("{FAE04EC0-301F-11D3-BF4B-00C04F79EFBC}") = "Spacetime.Miner", "src\Spacetime.Miner\Spacetime.Miner.csproj", "{10F6B566-6D0F-4CDB-AB59-78586EAA91EA}"
EndProject
Global
	GlobalSection(SolutionConfigurationPlatforms) = preSolution
		Debug|Any CPU = Debug|Any CPU
		Debug|x64 = Debug|x64
		Debug|x86 = Debug|x86
		Release|Any CPU = Release|Any CPU
		Release|x64 = Release|x64
		Release|x86 = Release|x86
	EndGlobalSection
	GlobalSection(ProjectConfigurationPlatforms) = postSolution
		{CA05E8F5-7EC6-4D58-A3DA-5B044330E6A6}.Debug|Any CPU.ActiveCfg = Debug|Any CPU
		{CA05E8F5-7EC6-4D58-A3DA-5B044330E6A6}.Debug|Any CPU.Build.0 = Debug|Any CPU
		{CA05E8F5-7EC6-4D58-A3DA-5B044330E6A6}.Debug|x64.ActiveCfg = Debug|Any CPU
		{CA05E8F5-7EC6-4D58-A3DA-5B044330E6A6}.Debug|x64.Build.0 = Debug|Any CPU
		{CA05E8F5-7EC6-4D58-A3DA-5B044330E6A6}.Debug|x86.ActiveCfg = Debug|Any CPU
		{CA05E8F5-7EC6-4D58-A3DA-5B044330E6A6}.Debug|x86.Build.0 = Debug|Any CPU
		{CA05E8F5-7EC6-4D58-A3DA-5B044330E6A6}.Release|Any CPU.ActiveCfg = Release|Any CPU
		{CA05E8F5-7EC6-4D58-A3DA-5B044330E6A6}.Release|Any CPU.Build.0 = Release|Any CPU
		{CA05E8F5-7EC6-4D58-A3DA-5B044330E6A6}.Release|x64.ActiveCfg = Release|Any CPU
		{CA05E8F5-7EC6-4D58-A3DA-5B044330E6A6}.Release|x64.Build.0 = Release|Any CPU
		{CA05E8F5-7EC6-4D58-A3DA-5B044330E6A6}.Release|x86.ActiveCfg = Release|Any CPU
		{CA05E8F5-7EC6-4D58-A3DA-5B044330E6A6}.Release|x86.Build.0 = Release|Any CPU
		{D8F3A7B1-2C4E-4F9A-8E6D-1B2C3D4E5F6A}.Debug|Any CPU.ActiveCfg = Debug|Any CPU
		{D8F3A7B1-2C4E-4F9A-8E6D-1B2C3D4E5F6A}.Debug|Any CPU.Build.0 = Debug|Any CPU
		{D8F3A7B1-2C4E-4F9A-8E6D-1B2C3D4E5F6A}.Debug|x64.ActiveCfg = Debug|Any CPU
		{D8F3A7B1-2C4E-4F9A-8E6D-1B2C3D4E5F6A}.Debug|x64.Build.0 = Debug|Any CPU
		{D8F3A7B1-2C4E-4F9A-8E6D-1B2C3D4E5F6A}.Debug|x86.ActiveCfg = Debug|Any CPU
		{D8F3A7B1-2C4E-4F9A-8E6D-1B2C3D4E5F6A}.Debug|x86.Build.0 = Debug|Any CPU
		{D8F3A7B1-2C4E-4F9A-8E6D-1B2C3D4E5F6A}.Release|Any CPU.ActiveCfg = Release|Any CPU
		{D8F3A7B1-2C4E-4F9A-8E6D-1B2C3D4E5F6A}.Release|Any CPU.Build.0 = Release|Any CPU
		{D8F3A7B1-2C4E-4F9A-8E6D-1B2C3D4E5F6A}.Release|x64.ActiveCfg = Release|Any CPU
		{D8F3A7B1-2C4E-4F9A-8E6D-1B2C3D4E5F6A}.Release|x64.Build.0 = Release|Any CPU
		{D8F3A7B1-2C4E-4F9A-8E6D-1B2C3D4E5F6A}.Release|x86.ActiveCfg = Release|Any CPU
		{D8F3A7B1-2C4E-4F9A-8E6D-1B2C3D4E5F6A}.Release|x86.Build.0 = Release|Any CPU
		{F960E47A-36F6-4851-B719-90D2EBB9FD19}.Debug|Any CPU.ActiveCfg = Debug|Any CPU
		{F960E47A-36F6-4851-B719-90D2EBB9FD19}.Debug|Any CPU.Build.0 = Debug|Any CPU
		{F960E47A-36F6-4851-B719-90D2EBB9FD19}.Debug|x64.ActiveCfg = Debug|Any CPU
		{F960E47A-36F6-4851-B719-90D2EBB9FD19}.Debug|x64.Build.0 = Debug|Any CPU
		{F960E47A-36F6-4851-B719-90D2EBB9FD19}.Debug|x86.ActiveCfg = Debug|Any CPU
		{F960E47A-36F6-4851-B719-90D2EBB9FD19}.Debug|x86.Build.0 = Debug|Any CPU
		{F960E47A-36F6-4851-B719-90D2EBB9FD19}.Release|Any CPU.ActiveCfg = Release|Any CPU
		{F960E47A-36F6-4851-B719-90D2EBB9FD19}.Release|Any CPU.Build.0 = Release|Any CPU
		{F960E47A-36F6-4851-B719-90D2EBB9FD19}.Release|x64.ActiveCfg = Release|Any CPU
		{F960E47A-36F6-4851-B719-90D2EBB9FD19}.Release|x64.Build.0 = Release|Any CPU
		{F960E47A-36F6-4851-B719-90D2EBB9FD19}.Release|x86.ActiveCfg = Release|Any CPU
		{F960E47A-36F6-4851-B719-90D2EBB9FD19}.Release|x86.Build.0 = Release|Any CPU
		{E8A2B4C6-3D5F-4A1B-9E7D-2C3D4E5F6A7B}.Debug|Any CPU.ActiveCfg = Debug|Any CPU
		{E8A2B4C6-3D5F-4A1B-9E7D-2C3D4E5F6A7B}.Debug|Any CPU.Build.0 = Debug|Any CPU
		{E8A2B4C6-3D5F-4A1B-9E7D-2C3D4E5F6A7B}.Debug|x64.ActiveCfg = Debug|Any CPU
		{E8A2B4C6-3D5F-4A1B-9E7D-2C3D4E5F6A7B}.Debug|x64.Build.0 = Debug|Any CPU
		{E8A2B4C6-3D5F-4A1B-9E7D-2C3D4E5F6A7B}.Debug|x86.ActiveCfg = Debug|Any CPU
		{E8A2B4C6-3D5F-4A1B-9E7D-2C3D4E5F6A7B}.Debug|x86.Build.0 = Debug|Any CPU
		{E8A2B4C6-3D5F-4A1B-9E7D-2C3D4E5F6A7B}.Release|Any CPU.ActiveCfg = Release|Any CPU
		{E8A2B4C6-3D5F-4A1B-9E7D-2C3D4E5F6A7B}.Release|Any CPU.Build.0 = Release|Any CPU
		{E8A2B4C6-3D5F-4A1B-9E7D-2C3D4E5F6A7B}.Release|x64.ActiveCfg = Release|Any CPU
		{E8A2B4C6-3D5F-4A1B-9E7D-2C3D4E5F6A7B}.Release|x64.Build.0 = Release|Any CPU
		{E8A2B4C6-3D5F-4A1B-9E7D-2C3D4E5F6A7B}.Release|x86.ActiveCfg = Release|Any CPU
		{E8A2B4C6-3D5F-4A1B-9E7D-2C3D4E5F6A7B}.Release|x86.Build.0 = Release|Any CPU
		{A8A52727-C985-424A-8E4D-BE355076DA78}.Debug|Any CPU.ActiveCfg = Debug|Any CPU
		{A8A52727-C985-424A-8E4D-BE355076DA78}.Debug|Any CPU.Build.0 = Debug|Any CPU
		{A8A52727-C985-424A-8E4D-BE355076DA78}.Debug|x64.ActiveCfg = Debug|Any CPU
		{A8A52727-C985-424A-8E4D-BE355076DA78}.Debug|x64.Build.0 = Debug|Any CPU
		{A8A52727-C985-424A-8E4D-BE355076DA78}.Debug|x86.ActiveCfg = Debug|Any CPU
		{A8A52727-C985-424A-8E4D-BE355076DA78}.Debug|x86.Build.0 = Debug|Any CPU
		{A8A52727-C985-424A-8E4D-BE355076DA78}.Release|Any CPU.ActiveCfg = Release|Any CPU
		{A8A52727-C985-424A-8E4D-BE355076DA78}.Release|Any CPU.Build.0 = Release|Any CPU
		{A8A52727-C985-424A-8E4D-BE355076DA78}.Release|x64.ActiveCfg = Release|Any CPU
		{A8A52727-C985-424A-8E4D-BE355076DA78}.Release|x64.Build.0 = Release|Any CPU
		{A8A52727-C985-424A-8E4D-BE355076DA78}.Release|x86.ActiveCfg = Release|Any CPU
		{A8A52727-C985-424A-8E4D-BE355076DA78}.Release|x86.Build.0 = Release|Any CPU
		{098E0BB7-76B9-4E41-965E-217DB5C64356}.Debug|Any CPU.ActiveCfg = Debug|Any CPU
		{098E0BB7-76B9-4E41-965E-217DB5C64356}.Debug|Any CPU.Build.0 = Debug|Any CPU
		{098E0BB7-76B9-4E41-965E-217DB5C64356}.Debug|x64.ActiveCfg = Debug|Any CPU
		{098E0BB7-76B9-4E41-965E-217DB5C64356}.Debug|x64.Build.0 = Debug|Any CPU
		{098E0BB7-76B9-4E41-965E-217DB5C64356}.Debug|x86.ActiveCfg = Debug|Any CPU
		{098E0BB7-76B9-4E41-965E-217DB5C64356}.Debug|x86.Build.0 = Debug|Any CPU
		{098E0BB7-76B9-4E41-965E-217DB5C64356}.Release|Any CPU.ActiveCfg = Release|Any CPU
		{098E0BB7-76B9-4E41-965E-217DB5C64356}.Release|Any CPU.Build.0 = Release|Any CPU
		{098E0BB7-76B9-4E41-965E-217DB5C64356}.Release|x64.ActiveCfg = Release|Any CPU
		{098E0BB7-76B9-4E41-965E-217DB5C64356}.Release|x64.Build.0 = Release|Any CPU
		{098E0BB7-76B9-4E41-965E-217DB5C64356}.Release|x86.ActiveCfg = Release|Any CPU
		{098E0BB7-76B9-4E41-965E-217DB5C64356}.Release|x86.Build.0 = Release|Any CPU
		{BD1BCFB3-B20A-45D5-B4E6-D6867F224DC6}.Debug|Any CPU.ActiveCfg = Debug|Any CPU
		{BD1BCFB3-B20A-45D5-B4E6-D6867F224DC6}.Debug|Any CPU.Build.0 = Debug|Any CPU
		{BD1BCFB3-B20A-45D5-B4E6-D6867F224DC6}.Debug|x64.ActiveCfg = Debug|Any CPU
		{BD1BCFB3-B20A-45D5-B4E6-D6867F224DC6}.Debug|x64.Build.0 = Debug|Any CPU
		{BD1BCFB3-B20A-45D5-B4E6-D6867F224DC6}.Debug|x86.ActiveCfg = Debug|Any CPU
		{BD1BCFB3-B20A-45D5-B4E6-D6867F224DC6}.Debug|x86.Build.0 = Debug|Any CPU
		{BD1BCFB3-B20A-45D5-B4E6-D6867F224DC6}.Release|Any CPU.ActiveCfg = Release|Any CPU
		{BD1BCFB3-B20A-45D5-B4E6-D6867F224DC6}.Release|Any CPU.Build.0 = Release|Any CPU
		{BD1BCFB3-B20A-45D5-B4E6-D6867F224DC6}.Release|x64.ActiveCfg = Release|Any CPU
		{BD1BCFB3-B20A-45D5-B4E6-D6867F224DC6}.Release|x64.Build.0 = Release|Any CPU
		{BD1BCFB3-B20A-45D5-B4E6-D6867F224DC6}.Release|x86.ActiveCfg = Release|Any CPU
		{BD1BCFB3-B20A-45D5-B4E6-D6867F224DC6}.Release|x86.Build.0 = Release|Any CPU
		{DB95B46C-693E-4E1D-9C89-34AD13D51B1B}.Debug|Any CPU.ActiveCfg = Debug|Any CPU
		{DB95B46C-693E-4E1D-9C89-34AD13D51B1B}.Debug|Any CPU.Build.0 = Debug|Any CPU
		{DB95B46C-693E-4E1D-9C89-34AD13D51B1B}.Debug|x64.ActiveCfg = Debug|Any CPU
		{DB95B46C-693E-4E1D-9C89-34AD13D51B1B}.Debug|x64.Build.0 = Debug|Any CPU
		{DB95B46C-693E-4E1D-9C89-34AD13D51B1B}.Debug|x86.ActiveCfg = Debug|Any CPU
		{DB95B46C-693E-4E1D-9C89-34AD13D51B1B}.Debug|x86.Build.0 = Debug|Any CPU
		{DB95B46C-693E-4E1D-9C89-34AD13D51B1B}.Release|Any CPU.ActiveCfg = Release|Any CPU
		{DB95B46C-693E-4E1D-9C89-34AD13D51B1B}.Release|Any CPU.Build.0 = Release|Any CPU
		{DB95B46C-693E-4E1D-9C89-34AD13D51B1B}.Release|x64.ActiveCfg = Release|Any CPU
		{DB95B46C-693E-4E1D-9C89-34AD13D51B1B}.Release|x64.Build.0 = Release|Any CPU
		{DB95B46C-693E-4E1D-9C89-34AD13D51B1B}.Release|x86.ActiveCfg = Release|Any CPU
		{DB95B46C-693E-4E1D-9C89-34AD13D51B1B}.Release|x86.Build.0 = Release|Any CPU
		{39F49ABF-642E-47B4-A1EB-3EE39EA95912}.Debug|Any CPU.ActiveCfg = Debug|Any CPU
		{39F49ABF-642E-47B4-A1EB-3EE39EA95912}.Debug|Any CPU.Build.0 = Debug|Any CPU
		{39F49ABF-642E-47B4-A1EB-3EE39EA95912}.Debug|x64.ActiveCfg = Debug|Any CPU
		{39F49ABF-642E-47B4-A1EB-3EE39EA95912}.Debug|x64.Build.0 = Debug|Any CPU
		{39F49ABF-642E-47B4-A1EB-3EE39EA95912}.Debug|x86.ActiveCfg = Debug|Any CPU
		{39F49ABF-642E-47B4-A1EB-3EE39EA95912}.Debug|x86.Build.0 = Debug|Any CPU
		{39F49ABF-642E-47B4-A1EB-3EE39EA95912}.Release|Any CPU.ActiveCfg = Release|Any CPU
		{39F49ABF-642E-47B4-A1EB-3EE39EA95912}.Release|Any CPU.Build.0 = Release|Any CPU
		{39F49ABF-642E-47B4-A1EB-3EE39EA95912}.Release|x64.ActiveCfg = Release|Any CPU
		{39F49ABF-642E-47B4-A1EB-3EE39EA95912}.Release|x64.Build.0 = Release|Any CPU
		{39F49ABF-642E-47B4-A1EB-3EE39EA95912}.Release|x86.ActiveCfg = Release|Any CPU
		{39F49ABF-642E-47B4-A1EB-3EE39EA95912}.Release|x86.Build.0 = Release|Any CPU
		{498865AC-03AF-4038-A097-28C485867017}.Debug|Any CPU.ActiveCfg = Debug|Any CPU
		{498865AC-03AF-4038-A097-28C485867017}.Debug|Any CPU.Build.0 = Debug|Any CPU
		{498865AC-03AF-4038-A097-28C485867017}.Debug|x64.ActiveCfg = Debug|Any CPU
		{498865AC-03AF-4038-A097-28C485867017}.Debug|x64.Build.0 = Debug|Any CPU
		{498865AC-03AF-4038-A097-28C485867017}.Debug|x86.ActiveCfg = Debug|Any CPU
		{498865AC-03AF-4038-A097-28C485867017}.Debug|x86.Build.0 = Debug|Any CPU
		{498865AC-03AF-4038-A097-28C485867017}.Release|Any CPU.ActiveCfg = Release|Any CPU
		{498865AC-03AF-4038-A097-28C485867017}.Release|Any CPU.Build.0 = Release|Any CPU
		{498865AC-03AF-4038-A097-28C485867017}.Release|x64.ActiveCfg = Release|Any CPU
		{498865AC-03AF-4038-A097-28C485867017}.Release|x64.Build.0 = Release|Any CPU
		{498865AC-03AF-4038-A097-28C485867017}.Release|x86.ActiveCfg = Release|Any CPU
		{498865AC-03AF-4038-A097-28C485867017}.Release|x86.Build.0 = Release|Any CPU
		{9F6B1149-4FF8-475A-BB60-6294D039D7FE}.Debug|Any CPU.ActiveCfg = Debug|Any CPU
		{9F6B1149-4FF8-475A-BB60-6294D039D7FE}.Debug|Any CPU.Build.0 = Debug|Any CPU
		{9F6B1149-4FF8-475A-BB60-6294D039D7FE}.Debug|x64.ActiveCfg = Debug|Any CPU
		{9F6B1149-4FF8-475A-BB60-6294D039D7FE}.Debug|x64.Build.0 = Debug|Any CPU
		{9F6B1149-4FF8-475A-BB60-6294D039D7FE}.Debug|x86.ActiveCfg = Debug|Any CPU
		{9F6B1149-4FF8-475A-BB60-6294D039D7FE}.Debug|x86.Build.0 = Debug|Any CPU
		{9F6B1149-4FF8-475A-BB60-6294D039D7FE}.Release|Any CPU.ActiveCfg = Release|Any CPU
		{9F6B1149-4FF8-475A-BB60-6294D039D7FE}.Release|Any CPU.Build.0 = Release|Any CPU
		{9F6B1149-4FF8-475A-BB60-6294D039D7FE}.Release|x64.ActiveCfg = Release|Any CPU
		{9F6B1149-4FF8-475A-BB60-6294D039D7FE}.Release|x64.Build.0 = Release|Any CPU
		{9F6B1149-4FF8-475A-BB60-6294D039D7FE}.Release|x86.ActiveCfg = Release|Any CPU
		{9F6B1149-4FF8-475A-BB60-6294D039D7FE}.Release|x86.Build.0 = Release|Any CPU
		{145608BA-F831-40C5-AD26-B0B7D31A2F8F}.Debug|Any CPU.ActiveCfg = Debug|Any CPU
		{145608BA-F831-40C5-AD26-B0B7D31A2F8F}.Debug|Any CPU.Build.0 = Debug|Any CPU
		{145608BA-F831-40C5-AD26-B0B7D31A2F8F}.Debug|x64.ActiveCfg = Debug|Any CPU
		{145608BA-F831-40C5-AD26-B0B7D31A2F8F}.Debug|x64.Build.0 = Debug|Any CPU
		{145608BA-F831-40C5-AD26-B0B7D31A2F8F}.Debug|x86.ActiveCfg = Debug|Any CPU
		{145608BA-F831-40C5-AD26-B0B7D31A2F8F}.Debug|x86.Build.0 = Debug|Any CPU
		{145608BA-F831-40C5-AD26-B0B7D31A2F8F}.Release|Any CPU.ActiveCfg = Release|Any CPU
		{145608BA-F831-40C5-AD26-B0B7D31A2F8F}.Release|Any CPU.Build.0 = Release|Any CPU
		{145608BA-F831-40C5-AD26-B0B7D31A2F8F}.Release|x64.ActiveCfg = Release|Any CPU
		{145608BA-F831-40C5-AD26-B0B7D31A2F8F}.Release|x64.Build.0 = Release|Any CPU
		{145608BA-F831-40C5-AD26-B0B7D31A2F8F}.Release|x86.ActiveCfg = Release|Any CPU
		{145608BA-F831-40C5-AD26-B0B7D31A2F8F}.Release|x86.Build.0 = Release|Any CPU
		{ADD24FCA-2400-433F-9C49-6492EA8F1A26}.Debug|Any CPU.ActiveCfg = Debug|Any CPU
		{ADD24FCA-2400-433F-9C49-6492EA8F1A26}.Debug|Any CPU.Build.0 = Debug|Any CPU
		{ADD24FCA-2400-433F-9C49-6492EA8F1A26}.Debug|x64.ActiveCfg = Debug|Any CPU
		{ADD24FCA-2400-433F-9C49-6492EA8F1A26}.Debug|x64.Build.0 = Debug|Any CPU
		{ADD24FCA-2400-433F-9C49-6492EA8F1A26}.Debug|x86.ActiveCfg = Debug|Any CPU
		{ADD24FCA-2400-433F-9C49-6492EA8F1A26}.Debug|x86.Build.0 = Debug|Any CPU
		{ADD24FCA-2400-433F-9C49-6492EA8F1A26}.Release|Any CPU.ActiveCfg = Release|Any CPU
		{ADD24FCA-2400-433F-9C49-6492EA8F1A26}.Release|Any CPU.Build.0 = Release|Any CPU
		{ADD24FCA-2400-433F-9C49-6492EA8F1A26}.Release|x64.ActiveCfg = Release|Any CPU
		{ADD24FCA-2400-433F-9C49-6492EA8F1A26}.Release|x64.Build.0 = Release|Any CPU
		{ADD24FCA-2400-433F-9C49-6492EA8F1A26}.Release|x86.ActiveCfg = Release|Any CPU
		{ADD24FCA-2400-433F-9C49-6492EA8F1A26}.Release|x86.Build.0 = Release|Any CPU
		{631D6332-5ACA-42FD-8589-B81FEA3A2D8C}.Debug|Any CPU.ActiveCfg = Debug|Any CPU
		{631D6332-5ACA-42FD-8589-B81FEA3A2D8C}.Debug|Any CPU.Build.0 = Debug|Any CPU
		{631D6332-5ACA-42FD-8589-B81FEA3A2D8C}.Debug|x64.ActiveCfg = Debug|Any CPU
		{631D6332-5ACA-42FD-8589-B81FEA3A2D8C}.Debug|x64.Build.0 = Debug|Any CPU
		{631D6332-5ACA-42FD-8589-B81FEA3A2D8C}.Debug|x86.ActiveCfg = Debug|Any CPU
		{631D6332-5ACA-42FD-8589-B81FEA3A2D8C}.Debug|x86.Build.0 = Debug|Any CPU
		{631D6332-5ACA-42FD-8589-B81FEA3A2D8C}.Release|Any CPU.ActiveCfg = Release|Any CPU
		{631D6332-5ACA-42FD-8589-B81FEA3A2D8C}.Release|Any CPU.Build.0 = Release|Any CPU
		{631D6332-5ACA-42FD-8589-B81FEA3A2D8C}.Release|x64.ActiveCfg = Release|Any CPU
		{631D6332-5ACA-42FD-8589-B81FEA3A2D8C}.Release|x64.Build.0 = Release|Any CPU
		{631D6332-5ACA-42FD-8589-B81FEA3A2D8C}.Release|x86.ActiveCfg = Release|Any CPU
		{631D6332-5ACA-42FD-8589-B81FEA3A2D8C}.Release|x86.Build.0 = Release|Any CPU
		{119BEC2B-7378-4949-AC1E-704F131928E8}.Debug|Any CPU.ActiveCfg = Debug|Any CPU
		{119BEC2B-7378-4949-AC1E-704F131928E8}.Debug|Any CPU.Build.0 = Debug|Any CPU
		{119BEC2B-7378-4949-AC1E-704F131928E8}.Debug|x64.ActiveCfg = Debug|Any CPU
		{119BEC2B-7378-4949-AC1E-704F131928E8}.Debug|x64.Build.0 = Debug|Any CPU
		{119BEC2B-7378-4949-AC1E-704F131928E8}.Debug|x86.ActiveCfg = Debug|Any CPU
		{119BEC2B-7378-4949-AC1E-704F131928E8}.Debug|x86.Build.0 = Debug|Any CPU
		{119BEC2B-7378-4949-AC1E-704F131928E8}.Release|Any CPU.ActiveCfg = Release|Any CPU
		{119BEC2B-7378-4949-AC1E-704F131928E8}.Release|Any CPU.Build.0 = Release|Any CPU
		{119BEC2B-7378-4949-AC1E-704F131928E8}.Release|x64.ActiveCfg = Release|Any CPU
		{119BEC2B-7378-4949-AC1E-704F131928E8}.Release|x64.Build.0 = Release|Any CPU
		{119BEC2B-7378-4949-AC1E-704F131928E8}.Release|x86.ActiveCfg = Release|Any CPU
		{119BEC2B-7378-4949-AC1E-704F131928E8}.Release|x86.Build.0 = Release|Any CPU
		{59D32AFF-F28C-47D9-BF08-E878478CD25F}.Debug|Any CPU.ActiveCfg = Debug|Any CPU
		{59D32AFF-F28C-47D9-BF08-E878478CD25F}.Debug|Any CPU.Build.0 = Debug|Any CPU
		{59D32AFF-F28C-47D9-BF08-E878478CD25F}.Debug|x64.ActiveCfg = Debug|Any CPU
		{59D32AFF-F28C-47D9-BF08-E878478CD25F}.Debug|x64.Build.0 = Debug|Any CPU
		{59D32AFF-F28C-47D9-BF08-E878478CD25F}.Debug|x86.ActiveCfg = Debug|Any CPU
		{59D32AFF-F28C-47D9-BF08-E878478CD25F}.Debug|x86.Build.0 = Debug|Any CPU
		{59D32AFF-F28C-47D9-BF08-E878478CD25F}.Release|Any CPU.ActiveCfg = Release|Any CPU
		{59D32AFF-F28C-47D9-BF08-E878478CD25F}.Release|Any CPU.Build.0 = Release|Any CPU
		{59D32AFF-F28C-47D9-BF08-E878478CD25F}.Release|x64.ActiveCfg = Release|Any CPU
		{59D32AFF-F28C-47D9-BF08-E878478CD25F}.Release|x64.Build.0 = Release|Any CPU
		{59D32AFF-F28C-47D9-BF08-E878478CD25F}.Release|x86.ActiveCfg = Release|Any CPU
		{59D32AFF-F28C-47D9-BF08-E878478CD25F}.Release|x86.Build.0 = Release|Any CPU
		{F86A4256-213A-4A03-B2E6-FAF23EEB62F9}.Debug|Any CPU.ActiveCfg = Debug|Any CPU
		{F86A4256-213A-4A03-B2E6-FAF23EEB62F9}.Debug|Any CPU.Build.0 = Debug|Any CPU
		{F86A4256-213A-4A03-B2E6-FAF23EEB62F9}.Debug|x64.ActiveCfg = Debug|Any CPU
		{F86A4256-213A-4A03-B2E6-FAF23EEB62F9}.Debug|x64.Build.0 = Debug|Any CPU
		{F86A4256-213A-4A03-B2E6-FAF23EEB62F9}.Debug|x86.ActiveCfg = Debug|Any CPU
		{F86A4256-213A-4A03-B2E6-FAF23EEB62F9}.Debug|x86.Build.0 = Debug|Any CPU
		{F86A4256-213A-4A03-B2E6-FAF23EEB62F9}.Release|Any CPU.ActiveCfg = Release|Any CPU
		{F86A4256-213A-4A03-B2E6-FAF23EEB62F9}.Release|Any CPU.Build.0 = Release|Any CPU
		{F86A4256-213A-4A03-B2E6-FAF23EEB62F9}.Release|x64.ActiveCfg = Release|Any CPU
		{F86A4256-213A-4A03-B2E6-FAF23EEB62F9}.Release|x64.Build.0 = Release|Any CPU
		{F86A4256-213A-4A03-B2E6-FAF23EEB62F9}.Release|x86.ActiveCfg = Release|Any CPU
		{F86A4256-213A-4A03-B2E6-FAF23EEB62F9}.Release|x86.Build.0 = Release|Any CPU
		{10F6B566-6D0F-4CDB-AB59-78586EAA91EA}.Debug|Any CPU.ActiveCfg = Debug|Any CPU
		{10F6B566-6D0F-4CDB-AB59-78586EAA91EA}.Debug|Any CPU.Build.0 = Debug|Any CPU
		{10F6B566-6D0F-4CDB-AB59-78586EAA91EA}.Debug|x64.ActiveCfg = Debug|Any CPU
		{10F6B566-6D0F-4CDB-AB59-78586EAA91EA}.Debug|x64.Build.0 = Debug|Any CPU
		{10F6B566-6D0F-4CDB-AB59-78586EAA91EA}.Debug|x86.ActiveCfg = Debug|Any CPU
		{10F6B566-6D0F-4CDB-AB59-78586EAA91EA}.Debug|x86.Build.0 = Debug|Any CPU
		{10F6B566-6D0F-4CDB-AB59-78586EAA91EA}.Release|Any CPU.ActiveCfg = Release|Any CPU
		{10F6B566-6D0F-4CDB-AB59-78586EAA91EA}.Release|Any CPU.Build.0 = Release|Any CPU
		{10F6B566-6D0F-4CDB-AB59-78586EAA91EA}.Release|x64.ActiveCfg = Release|Any CPU
		{10F6B566-6D0F-4CDB-AB59-78586EAA91EA}.Release|x64.Build.0 = Release|Any CPU
		{10F6B566-6D0F-4CDB-AB59-78586EAA91EA}.Release|x86.ActiveCfg = Release|Any CPU
		{10F6B566-6D0F-4CDB-AB59-78586EAA91EA}.Release|x86.Build.0 = Release|Any CPU
	EndGlobalSection
	GlobalSection(SolutionProperties) = preSolution
		HideSolutionNode = FALSE
	EndGlobalSection
	GlobalSection(NestedProjects) = preSolution
		{CA05E8F5-7EC6-4D58-A3DA-5B044330E6A6} = {827E0CD3-B72D-47B6-A68D-7590B98EB39B}
		{D8F3A7B1-2C4E-4F9A-8E6D-1B2C3D4E5F6A} = {827E0CD3-B72D-47B6-A68D-7590B98EB39B}
		{F960E47A-36F6-4851-B719-90D2EBB9FD19} = {0AB3BF05-4346-4AA6-1389-037BE0695223}
		{E8A2B4C6-3D5F-4A1B-9E7D-2C3D4E5F6A7B} = {0AB3BF05-4346-4AA6-1389-037BE0695223}
		{A8A52727-C985-424A-8E4D-BE355076DA78} = {66320409-64EC-F7C5-3DEF-65E7510DAAD1}
		{098E0BB7-76B9-4E41-965E-217DB5C64356} = {827E0CD3-B72D-47B6-A68D-7590B98EB39B}
		{BD1BCFB3-B20A-45D5-B4E6-D6867F224DC6} = {0AB3BF05-4346-4AA6-1389-037BE0695223}
		{DB95B46C-693E-4E1D-9C89-34AD13D51B1B} = {0AB3BF05-4346-4AA6-1389-037BE0695223}
		{39F49ABF-642E-47B4-A1EB-3EE39EA95912} = {0AB3BF05-4346-4AA6-1389-037BE0695223}
		{498865AC-03AF-4038-A097-28C485867017} = {827E0CD3-B72D-47B6-A68D-7590B98EB39B}
		{9F6B1149-4FF8-475A-BB60-6294D039D7FE} = {0AB3BF05-4346-4AA6-1389-037BE0695223}
		{145608BA-F831-40C5-AD26-B0B7D31A2F8F} = {0AB3BF05-4346-4AA6-1389-037BE0695223}
		{ADD24FCA-2400-433F-9C49-6492EA8F1A26} = {827E0CD3-B72D-47B6-A68D-7590B98EB39B}
		{631D6332-5ACA-42FD-8589-B81FEA3A2D8C} = {0AB3BF05-4346-4AA6-1389-037BE0695223}
		{119BEC2B-7378-4949-AC1E-704F131928E8} = {827E0CD3-B72D-47B6-A68D-7590B98EB39B}
		{59D32AFF-F28C-47D9-BF08-E878478CD25F} = {0AB3BF05-4346-4AA6-1389-037BE0695223}
		{F86A4256-213A-4A03-B2E6-FAF23EEB62F9} = {0AB3BF05-4346-4AA6-1389-037BE0695223}
		{10F6B566-6D0F-4CDB-AB59-78586EAA91EA} = {827E0CD3-B72D-47B6-A68D-7590B98EB39B}
	EndGlobalSection
EndGlobal
